
Microsoft Visual Studio Solution File, Format Version 12.00
# Visual Studio 15
VisualStudioVersion = 15.0.26730.10
MinimumVisualStudioVersion = 10.0.40219.1
Project("{8BC9CEB8-8B4A-11D0-8D11-00A0C91BC942}") = "WavFileGenerator", "WavFileGenerator\WavFileGenerator.vcxproj", "{0505CF54-0C88-4293-B733-604FB48E1D26}"
EndProject
Global
	GlobalSection(SolutionConfigurationPlatforms) = preSolution
		Debug|x64 = Debug|x64
		Debug|x86 = Debug|x86
		Release|x64 = Release|x64
		Release|x86 = Release|x86
	EndGlobalSection
	GlobalSection(ProjectConfigurationPlatforms) = postSolution
		{0505CF54-0C88-4293-B733-604FB48E1D26}.Debug|x64.ActiveCfg = Debug|x64
		{0505CF54-0C88-4293-B733-604FB48E1D26}.Debug|x64.Build.0 = Debug|x64
		{0505CF54-0C88-4293-B733-604FB48E1D26}.Debug|x86.ActiveCfg = Debug|Win32
		{0505CF54-0C88-4293-B733-604FB48E1D26}.Debug|x86.Build.0 = Debug|Win32
		{0505CF54-0C88-4293-B733-604FB48E1D26}.Release|x64.ActiveCfg = Release|x64
		{0505CF54-0C88-4293-B733-604FB48E1D26}.Release|x64.Build.0 = Release|x64
		{0505CF54-0C88-4293-B733-604FB48E1D26}.Release|x86.ActiveCfg = Release|Win32
		{0505CF54-0C88-4293-B733-604FB48E1D26}.Release|x86.Build.0 = Release|Win32
	EndGlobalSection
	GlobalSection(SolutionProperties) = preSolution
		HideSolutionNode = FALSE
	EndGlobalSection
	GlobalSection(ExtensibilityGlobals) = postSolution
		SolutionGuid = {965C49EF-ADDF-4DD0-8DAC-887C5FF71E73}
	EndGlobalSection
EndGlobal
